
Microsoft Visual Studio Solution File, Format Version 12.00
# Visual Studio Version 16
VisualStudioVersion = 16.0.28606.126
MinimumVisualStudioVersion = 10.0.40219.1
Project("{FAE04EC0-301F-11D3-BF4B-00C04F79EFBC}") = "RomanLetters", "RomanLetters\RomanLetters.csproj", "{C5D314AE-41BE-45E5-85C9-D6F70D9CA197}"
EndProject
Project("{FAE04EC0-301F-11D3-BF4B-00C04F79EFBC}") = "RomanLetters.Tests", "RomanLetters.Tests\RomanLetters.Tests.csproj", "{96B7DC45-6BBB-47B3-90C7-09B02009196E}"
EndProject
Global
	GlobalSection(SolutionConfigurationPlatforms) = preSolution
		Debug|Any CPU = Debug|Any CPU
		Release|Any CPU = Release|Any CPU
	EndGlobalSection
	GlobalSection(ProjectConfigurationPlatforms) = postSolution
		{C5D314AE-41BE-45E5-85C9-D6F70D9CA197}.Debug|Any CPU.ActiveCfg = Debug|Any CPU
		{C5D314AE-41BE-45E5-85C9-D6F70D9CA197}.Debug|Any CPU.Build.0 = Debug|Any CPU
		{C5D314AE-41BE-45E5-85C9-D6F70D9CA197}.Release|Any CPU.ActiveCfg = Release|Any CPU
		{C5D314AE-41BE-45E5-85C9-D6F70D9CA197}.Release|Any CPU.Build.0 = Release|Any CPU
		{96B7DC45-6BBB-47B3-90C7-09B02009196E}.Debug|Any CPU.ActiveCfg = Debug|Any CPU
		{96B7DC45-6BBB-47B3-90C7-09B02009196E}.Debug|Any CPU.Build.0 = Debug|Any CPU
		{96B7DC45-6BBB-47B3-90C7-09B02009196E}.Release|Any CPU.ActiveCfg = Release|Any CPU
		{96B7DC45-6BBB-47B3-90C7-09B02009196E}.Release|Any CPU.Build.0 = Release|Any CPU
	EndGlobalSection
	GlobalSection(SolutionProperties) = preSolution
		HideSolutionNode = FALSE
	EndGlobalSection
	GlobalSection(ExtensibilityGlobals) = postSolution
		SolutionGuid = {95DBF5C0-34EA-40BA-93DB-103D417CFBC2}
	EndGlobalSection
EndGlobal
